
Microsoft Visual Studio Solution File, Format Version 12.00
# Visual Studio Version 16
VisualStudioVersion = 16.0.31424.327
MinimumVisualStudioVersion = 10.0.40219.1
Project("{FAE04EC0-301F-11D3-BF4B-00C04F79EFBC}") = "TestApp", "TestApp\TestApp.csproj", "{2EE62782-B531-49E4-A380-F23115C19616}"
EndProject
Global
	GlobalSection(SolutionConfigurationPlatforms) = preSolution
		Debug|Any CPU = Debug|Any CPU
		Release|Any CPU = Release|Any CPU
	EndGlobalSection
	GlobalSection(ProjectConfigurationPlatforms) = postSolution
		{2EE62782-B531-49E4-A380-F23115C19616}.Debug|Any CPU.ActiveCfg = Debug|Any CPU
		{2EE62782-B531-49E4-A380-F23115C19616}.Debug|Any CPU.Build.0 = Debug|Any CPU
		{2EE62782-B531-49E4-A380-F23115C19616}.Release|Any CPU.ActiveCfg = Release|Any CPU
		{2EE62782-B531-49E4-A380-F23115C19616}.Release|Any CPU.Build.0 = Release|Any CPU
	EndGlobalSection
	GlobalSection(SolutionProperties) = preSolution
		HideSolutionNode = FALSE
	EndGlobalSection
	GlobalSection(ExtensibilityGlobals) = postSolution
		SolutionGuid = {3D996932-C5B1-4F27-B0AA-7AB18C477419}
	EndGlobalSection
EndGlobal
